version = 1
revision = 3
requires-python = ">=3.11"

[[package]]
name = "colorama"
version = "0.4.6"
source = { registry = "https://pypi.org/simple" }
sdist = { url = "https://files.pythonhosted.org/packages/d8/53/6f443c9a4a8358a93a6792e2acffb9d9d5cb0a5cfd8802644b7b1c9a02e4/colorama-0.4.6.tar.gz", hash = "sha256:08695f5cb7ed6e0531a20572697297273c47b8cae5a63ffc6d6ed5c201be6e44", size = 27697, upload-time = "2022-10-25T02:36:22.414Z" }
wheels = [
    { url = "https://files.pythonhosted.org/packages/d1/d6/3965ed04c63042e047cb6a3e6ed1a63a35087b6a609aa3a15ed8ac56c221/colorama-0.4.6-py2.py3-none-any.whl", hash = "sha256:4f1d9991f5acc0ca119f9d443620b77f9d6b33703e51011c16baf57afb285fc6", size = 25335, upload-time = "2022-10-25T02:36:20.889Z" },
]

[[package]]
name = "evdev"
version = "1.9.3"
source = { registry = "https://pypi.org/simple" }
sdist = { url = "https://files.pythonhosted.org/packages/a5/f5/397b61091120a9ca5001041dd7bf76c385b3bfd67a0e5bcb74b852bd22a4/evdev-1.9.3.tar.gz", hash = "sha256:2c140e01ac8437758fa23fe5c871397412461f42d421aa20241dc8fe8cfccbc9", size = 32723, upload-time = "2026-02-05T21:54:24.987Z" }

[[package]]
name = "excel-helper-widget"
version = "0.1.0"
source = { editable = "." }
dependencies = [
    { name = "pynput" },
    { name = "pyqt6" },
    { name = "watchdog" },
]

[package.optional-dependencies]
dev = [
    { name = "pytest" },
]

[package.metadata]
requires-dist = [
    { name = "pynput", specifier = ">=1.7" },
    { name = "pyqt6", specifier = ">=6.6" },
    { name = "pytest", marker = "extra == 'dev'", specifier = ">=8.0" },
    { name = "watchdog", specifier = ">=4.0" },
]
provides-extras = ["dev"]

[[package]]
name = "iniconfig"
version = "2.3.0"
source = { registry = "https://pypi.org/simple" }
sdist = { url = "https://files.pythonhosted.org/packages/72/34/14ca021ce8e5dfedc35312d08ba8bf51fdd999c576889fc2c24cb97f4f10/iniconfig-2.3.0.tar.gz", hash = "sha256:c76315c77db068650d49c5b56314774a7804df16fee4402c1f19d6d15d8c4730", size = 20503, upload-time = "2025-10-18T21:55:43.219Z" }
wheels = [
    { url = "https://files.pythonhosted.org/packages/cb/b1/3846dd7f199d53cb17f49cba7e651e9ce294d8497c8c150530ed11865bb8/iniconfig-2.3.0-py3-none-any.whl", hash = "sha256:f631c04d2c48c52b84d0d0549c99ff3859c98df65b3101406327ecc7d53fbf12", size = 7484, upload-time = "2025-10-18T21:55:41.639Z" },
]

[[package]]
name = "packaging"
version = "26.2"
source = { registry = "https://pypi.org/simple" }
sdist = { url = "https://files.pythonhosted.org/packages/d7/f1/e7a6dd94a8d4a5626c03e4e99c87f241ba9e350cd9e6d75123f992427270/packaging-26.2.tar.gz", hash = "sha256:ff452ff5a3e828ce110190feff1178bb1f2ea2281fa2075aadb987c2fb221661", size = 228134, upload-time = "2026-04-24T20:15:23.917Z" }
wheels = [
    { url = "https://files.pythonhosted.org/packages/df/b2/87e62e8c3e2f4b32e5fe99e0b86d576da1312593b39f47d8ceef365e95ed/packaging-26.2-py3-none-any.whl", hash = "sha256:5fc45236b9446107ff2415ce77c807cee2862cb6fac22b8a73826d0693b0980e", size = 100195, upload-time = "2026-04-24T20:15:22.081Z" },
]

[[package]]
name = "pluggy"
version = "1.6.0"
source = { registry = "https://pypi.org/simple" }
sdist = { url = "https://files.pythonhosted.org/packages/f9/e2/3e91f31a7d2b083fe6ef3fa267035b518369d9511ffab804f839851d2779/pluggy-1.6.0.tar.gz", hash = "sha256:7dcc130b76258d33b90f61b658791dede3486c3e6bfb003ee5c9bfb396dd22f3", size = 69412, upload-time = "2025-05-15T12:30:07.975Z" }
wheels = [
    { url = "https://files.pythonhosted.org/packages/54/20/4d324d65cc6d9205fabedc306948156824eb9f0ee1633355a8f7ec5c66bf/pluggy-1.6.0-py3-none-any.whl", hash = "sha256:e920276dd6813095e9377c0bc5566d94c932c33b27a3e3945d8389c374dd4746", size = 20538, upload-time = "2025-05-15T12:30:06.134Z" },
]

[[package]]
name = "pygments"
version = "2.20.0"
source = { registry = "https://pypi.org/simple" }
sdist = { url = "https://files.pythonhosted.org/packages/c3/b2/bc9c9196916376152d655522fdcebac55e66de6603a76a02bca1b6414f6c/pygments-2.20.0.tar.gz", hash = "sha256:6757cd03768053ff99f3039c1a36d6c0aa0b263438fcab17520b30a303a82b5f", size = 4955991, upload-time = "2026-03-29T13:29:33.898Z" }
wheels = [
    { url = "https://files.pythonhosted.org/packages/f4/7e/a72dd26f3b0f4f2bf1dd8923c85f7ceb43172af56d63c7383eb62b332364/pygments-2.20.0-py3-none-any.whl", hash = "sha256:81a9e26dd42fd28a23a2d169d86d7ac03b46e2f8b59ed4698fb4785f946d0176", size = 1231151, upload-time = "2026-03-29T13:29:30.038Z" },
]

[[package]]
name = "pynput"
version = "1.8.2"
source = { registry = "https://pypi.org/simple" }
dependencies = [
    { name = "evdev", marker = "'linux' in sys_platform" },
    { name = "pyobjc-framework-applicationservices", marker = "sys_platform == 'darwin'" },
    { name = "pyobjc-framework-quartz", marker = "sys_platform == 'darwin'" },
    { name = "python-xlib", marker = "'linux' in sys_platform" },
    { name = "six" },
]
sdist = { url = "https://files.pythonhosted.org/packages/86/c6/e2d415610cfbc78308bee44218a46124aaa3301b1df08814df819b2254a1/pynput-1.8.2.tar.gz", hash = "sha256:f493c87157cd3861b4468f7f896857051762f44ed26f1b641e7cc5840a457087", size = 82818, upload-time = "2026-05-12T19:11:39.464Z" }
wheels = [
    { url = "https://files.pythonhosted.org/packages/6d/98/bbeb760852adb27f166ce1617f0e51aabb15f21b1e60ea703f2aed3c78ac/pynput-1.8.2-py2.py3-none-any.whl", hash = "sha256:8cc38cf13a6ab2749cb375678be8a0fd705d7ce49c8001ff5db4007a723bbef1", size = 92028, upload-time = "2026-05-12T19:11:37.89Z" },
]

[[package]]
name = "pyobjc-core"
version = "12.2"
source = { registry = "https://pypi.org/simple" }
sdist = { url = "https://files.pythonhosted.org/packages/2a/e8/a6cc12669211e7c9b29e8f26bf2159e67c7a73555dc229018abf46d8167a/pyobjc_core-12.2.tar.gz", hash = "sha256:51d7de4cfa32f508c6a7aac31f131b12d5e196a8dcf588e6e8d7e6337224f66d", size = 1062064, upload-time = "2026-05-30T12:29:55.417Z" }
wheels = [
    { url = "https://files.pythonhosted.org/packages/c3/dc/b68d8bd769865d509fbcab81f5fae6497bd4e33409a44925e5d5e7c68d72/pyobjc_core-12.2-cp311-cp311-macosx_10_9_universal2.whl", hash = "sha256:17b4e003af384d3086c2f39989a0b282c5755dd1066f331cf7c9fa65febe22ce", size = 6475918, upload-time = "2026-05-30T10:00:44.669Z" },
    { url = "https://files.pythonhosted.org/packages/24/be/4771f4fd786f0e1a2bd6d8931a72a5f3929b7bb1b28a1fe6ca8a08371c55/pyobjc_core-12.2-cp312-cp312-macosx_10_13_universal2.whl", hash = "sha256:7677ed758a367bbbb5589d6f5276fb360a45c89168276c26162f61840b0fa03d", size = 6421145, upload-time = "2026-05-30T10:17:41.992Z" },
    { url = "https://files.pythonhosted.org/packages/d6/ed/6e62d038992bc7ef9091d95ec97c3c221686fe52a993a6501e961c757613/pyobjc_core-12.2-cp313-cp313-macosx_10_13_universal2.whl", hash = "sha256:9287c7c46d6ae8676b4c6c0389a8f4b5381f42ae53a47151900c08b157e5a992", size = 6428611, upload-time = "2026-05-30T10:21:33.83Z" },
    { url = "https://files.pythonhosted.org/packages/bf/0b/d492110202f4d1050a5e590620ebd1e730cf89f9880a26cf18205e0f5800/pyobjc_core-12.2-cp313-cp313t-macosx_10_13_universal2.whl", hash = "sha256:515ecf2afe168301feb66a7230d700584ce2e4b8a0ac178e19450b8898384139", size = 6677992, upload-time = "2026-05-30T10:44:13.039Z" },
    { url = "https://files.pythonhosted.org/packages/2e/b2/ecfbd0c80e7688ed6f3db23414758443c69c3a9d318f2036e26530ede955/pyobjc_core-12.2-cp314-cp314-macosx_10_15_universal2.whl", hash = "sha256:a51352e478785cd7fce1604b9902125a286139caea0759cb340e59d75b594992", size = 6421372, upload-time = "2026-05-30T10:47:27.907Z" },
    { url = "https://files.pythonhosted.org/packages/2b/89/ecd5cb62573fba9a95f8bdb838a9860a360907104a0724af6611d3b20512/pyobjc_core-12.2-cp314-cp314t-macosx_10_15_universal2.whl", hash = "sha256:3137b2d14f9f2154fb5b1c092c38d15e164f68ab190c18335d76e4e7e1583f79", size = 6676789, upload-time = "2026-05-30T10:59:33.811Z" },
    { url = "https://files.pythonhosted.org/packages/74/24/5091d156b19df0f657127f42b08eada11c9b9cc5df49fedb91bb354d9821/pyobjc_core-12.2-cp315-cp315-macosx_10_15_universal2.whl", hash = "sha256:1e4216f2ec962dc13cf7f31b9bc3a7190337a0f401e7dc9de6b2d8c08b9dbb7a", size = 6476112, upload-time = "2026-05-30T11:21:46.914Z" },
    { url = "https://files.pythonhosted.org/packages/77/e2/ee91ea8a0ad28e759f351ed8654027c34fc62ad5e207672522025a6a3fc2/pyobjc_core-12.2-cp315-cp315t-macosx_10_15_universal2.whl", hash = "sha256:ac952bac8057dd0b97ee7b311c39f97cad7430b7cfbd67ca0a30135a7d17d2ab", size = 6718365, upload-time = "2026-05-30T11:51:47.35Z" },
]

[[package]]
name = "pyobjc-framework-applicationservices"
version = "12.2"
source = { registry = "https://pypi.org/simple" }
dependencies = [
    { name = "pyobjc-core" },
    { name = "pyobjc-framework-cocoa" },
    { name = "pyobjc-framework-coretext" },
    { name = "pyobjc-framework-quartz" },
]
sdist = { url = "https://files.pythonhosted.org/packages/a9/ab/1776ac62687cb3d81e59517ca55970f26efa5a96bbf3ebcea57afcdd6b06/pyobjc_framework_applicationservices-12.2.tar.gz", hash = "sha256:4f6c4027405f709872e5b098f3cd86961bdf262fb80679a548725a02171bb0cf", size = 109325, upload-time = "2026-05-30T12:30:18.7Z" }
wheels = [
    { url = "https://files.pythonhosted.org/packages/c4/f7/a0e49ff167980f441c4511856c6bada593cf234ea4f1fc2dd6071baa9c76/pyobjc_framework_applicationservices-12.2-cp311-cp311-macosx_10_9_universal2.whl", hash = "sha256:9eaa9fa92d4fa35b08c7612af321615cccdcf0dec26b04a92521153730144f5e", size = 32688, upload-time = "2026-05-30T11:52:35.471Z" },
    { url = "https://files.pythonhosted.org/packages/b8/e4/0c7c5a48f88ab7510365559facf060f7c059dd4d5e39571d07d96a2b84a8/pyobjc_framework_applicationservices-12.2-cp312-cp312-macosx_10_13_universal2.whl", hash = "sha256:36a03ae7168657379e3ad96397f3ebb15e6c617b96901a919c7610ce2de0007a", size = 32736, upload-time = "2026-05-30T11:52:38.386Z" },
    { url = "https://files.pythonhosted.org/packages/4b/28/8c85ef2dff09fb4c6adf2161bf1d32ff81dca497863682ba46107e38bbb9/pyobjc_framework_applicationservices-12.2-cp313-cp313-macosx_10_13_universal2.whl", hash = "sha256:7119c75ad2c0e21b0bd44865641944e691e80abce0d5805fa344730238b16b15", size = 32754, upload-time = "2026-05-30T11:52:41.299Z" },
    { url = "https://files.pythonhosted.org/packages/61/ee/4be28e61319055092d3a963514c2fb4daba86785d4044f073a4135273bb0/pyobjc_framework_applicationservices-12.2-cp313-cp313t-macosx_10_13_universal2.whl", hash = "sha256:0492c478b175005f38c887523f895382a9ed47c0810ab786c6712d3fda245832", size = 33017, upload-time = "2026-05-30T11:52:44.534Z" },
    { url = "https://files.pythonhosted.org/packages/c6/60/43c4e2697971bb9ec7766d6fe00861ef2055f3fa7d733c407676fcd5cbac/pyobjc_framework_applicationservices-12.2-cp314-cp314-macosx_10_15_universal2.whl", hash = "sha256:d157ace1d768665f180cf9711fb31ddb29006e5df545e7e3ebf2be5054c6170d", size = 32896, upload-time = "2026-05-30T11:52:47.456Z" },
    { url = "https://files.pythonhosted.org/packages/03/12/4f0662012b77b9c15afb6c52fa92e069d2a6793dcfcd9864bfef4c7d3c4b/pyobjc_framework_applicationservices-12.2-cp314-cp314t-macosx_10_15_universal2.whl", hash = "sha256:9be6f6866f532fca35f7d62f27f43df6a95c8b195030d44b9d68ed63ecb1e1f0", size = 33135, upload-time = "2026-05-30T11:52:50.587Z" },
    { url = "https://files.pythonhosted.org/packages/36/9d/91c93ad58e6b52035da745c2ddcbb32018a03091d9f139e077f53089a002/pyobjc_framework_applicationservices-12.2-cp315-cp315-macosx_10_15_universal2.whl", hash = "sha256:01afa4ef373edc58cd3fa55f5fe5d7db5dda22b8e6ff65f743a509180149dab7", size = 32888, upload-time = "2026-05-30T11:52:53.487Z" },
    { url = "https://files.pythonhosted.org/packages/33/f5/c25b153ea0be05a749915bc45b4f9d85e7d84d2fbafc81efe68cae29540e/pyobjc_framework_applicationservices-12.2-cp315-cp315t-macosx_10_15_universal2.whl", hash = "sha256:8e14e97fc6bbedc95479f7b408f00e3b4aaaafafc23f9e2a955210beca15b474", size = 33128, upload-time = "2026-05-30T11:52:56.477Z" },
]

[[package]]
name = "pyobjc-framework-cocoa"
version = "12.2"
source = { registry = "https://pypi.org/simple" }
dependencies = [
    { name = "pyobjc-core" },
]
sdist = { url = "https://files.pythonhosted.org/packages/6d/cc/927169225e72bab9c9b44285656768fb75052a0bc85fdbca62740e1ca43c/pyobjc_framework_cocoa-12.2.tar.gz", hash = "sha256:20b392e2b7241caad0538dfde12143343e5dfe48f72e7df660a7548e635903dc", size = 3125555, upload-time = "2026-05-30T12:35:09.273Z" }
wheels = [
    { url = "https://files.pythonhosted.org/packages/a2/10/95edbdee61731dc0e18633071fe56a4220879a92e9ba77c330a34add4b28/pyobjc_framework_cocoa-12.2-cp311-cp311-macosx_10_9_universal2.whl", hash = "sha256:0bb7cd468ca89bbc2d1d8acb930b4f4fdce8826de30a66608fc28f8880c1f6a6", size = 387272, upload-time = "2026-05-30T11:57:51.391Z" },
    { url = "https://files.pythonhosted.org/packages/30/66/5a91f2eddfced4f26bc2df2bcebb7f5f10c5bf5666aff6fa00ded845af07/pyobjc_framework_cocoa-12.2-cp312-cp312-macosx_10_13_universal2.whl", hash = "sha256:06cb92d97d1af9d1f459ae6cf1d1a7b824c12d3aff1b709885966acd6b7208c2", size = 388093, upload-time = "2026-05-30T11:58:14.921Z" },
    { url = "https://files.pythonhosted.org/packages/3f/3b/1af2be2bf5204bbcfc94de215d5f87d35348c9982d9b05f54ceefbc53b8f/pyobjc_framework_cocoa-12.2-cp313-cp313-macosx_10_13_universal2.whl", hash = "sha256:f0bbe0abedfb24b11ff6c71e26cdefb0df001c6482f95591fad40c2688c16498", size = 388154, upload-time = "2026-05-30T11:58:38.547Z" },
    { url = "https://files.pythonhosted.org/packages/41/cb/c0435d64f1199210af36141b90aea2ae3344719f7313d4160b8b0dd527db/pyobjc_framework_cocoa-12.2-cp313-cp313t-macosx_10_13_universal2.whl", hash = "sha256:46b6681e2b21b099ed095339c140f2c8137d6ac5658653166ee90722f9e3c621", size = 392245, upload-time = "2026-05-30T11:59:02.436Z" },
    { url = "https://files.pythonhosted.org/packages/56/4b/df8e359e5e422e8f1430bde038aa64364e8c1d4542d7f6fcc4f8a97ec0b7/pyobjc_framework_cocoa-12.2-cp314-cp314-macosx_10_15_universal2.whl", hash = "sha256:aecfd44908fa12a9291fb6ca2458ebbc611102de6784f2202a35fd5ed9f56c60", size = 388334, upload-time = "2026-05-30T11:59:25.861Z" },
    { url = "https://files.pythonhosted.org/packages/43/a2/68c0702cc9d6dbc7077edbd13ccc9aa30ac589d514f51ad6f5c3840e3bf1/pyobjc_framework_cocoa-12.2-cp314-cp314t-macosx_10_15_universal2.whl", hash = "sha256:ef679740f541c52118149b558b757d1f11d9dcf30c2a23344b13a6af6a99a1ab", size = 392376, upload-time = "2026-05-30T11:59:50.031Z" },
    { url = "https://files.pythonhosted.org/packages/83/c3/e170672302e75cc1aa833546fb0d5a3bd4a126ede4124566d5a2e4a50cd6/pyobjc_framework_cocoa-12.2-cp315-cp315-macosx_10_15_universal2.whl", hash = "sha256:290e544a8c2d0786a34a359d825eaad44ebaaa3b30cdd765b2755422ca39a0d2", size = 388566, upload-time = "2026-05-30T12:00:13.606Z" },
    { url = "https://files.pythonhosted.org/packages/f7/6b/78e98e4de11646e56cf98066f9f84b43c86adc8b273a660d85a6ceba7a31/pyobjc_framework_cocoa-12.2-cp315-cp315t-macosx_10_15_universal2.whl", hash = "sha256:5a0bed77b0b56074cc2b4564aae3e6e9d5da5fdf93252f50b6dbced0f7fece3a", size = 392674, upload-time = "2026-05-30T12:00:37.572Z" },
]

[[package]]
name = "pyobjc-framework-coretext"
version = "12.2"
source = { registry = "https://pypi.org/simple" }
dependencies = [
    { name = "pyobjc-core" },
    { name = "pyobjc-framework-cocoa" },
    { name = "pyobjc-framework-quartz" },
]
sdist = { url = "https://files.pythonhosted.org/packages/1f/b0/e7ef99240f853d4dddde82c9c0114cc525de7355661b2bf2d5e04cfb1582/pyobjc_framework_coretext-12.2.tar.gz", hash = "sha256:82def2c281347e0677866315675124c84c36e9bc21651d62870cfdcecb7da34e", size = 97343, upload-time = "2026-05-30T12:37:00.996Z" }
wheels = [
    { url = "https://files.pythonhosted.org/packages/11/7c/fc3252a4ccfdf1f0c858b1bae4cd6751581fed66d4efcb14b16939a1b5f5/pyobjc_framework_coretext-12.2-cp311-cp311-macosx_10_9_universal2.whl", hash = "sha256:19caa22d623c73bb3e158b8807577926e3e8f85bc83e4e111e74fd019e07ad57", size = 29994, upload-time = "2026-05-30T12:05:14.669Z" },
    { url = "https://files.pythonhosted.org/packages/72/8a/52cef4b31d5a6d3c9c426759bd256229fbf6757efec1b7f1ba5c2d051621/pyobjc_framework_coretext-12.2-cp312-cp312-macosx_10_13_universal2.whl", hash = "sha256:c1845fbdb96f605c7146c478c5d562961d77aadba6cc40e166fade08e11a730f", size = 30091, upload-time = "2026-05-30T12:05:17.568Z" },
    { url = "https://files.pythonhosted.org/packages/cc/db/783ae8290da2edb57b479fc474c7d66a319f4fd5f1f32dd642af1fd962ec/pyobjc_framework_coretext-12.2-cp313-cp313-macosx_10_13_universal2.whl", hash = "sha256:09daa6b6befea7c0d673a037d02ed13bb4443ed65d8948329ba6c8a08e06c763", size = 30087, upload-time = "2026-05-30T12:05:20.422Z" },
    { url = "https://files.pythonhosted.org/packages/0c/58/6d0a37fed6eee8ed4c950f71cc98355e8ce8d3a38c19aba1bf7ff6ac5441/pyobjc_framework_coretext-12.2-cp313-cp313t-macosx_10_13_universal2.whl", hash = "sha256:867e6f56c1c7703f27a7328d42d37cd184151657a3026cf46c0de207cc90a46c", size = 30635, upload-time = "2026-05-30T12:05:23.59Z" },
    { url = "https://files.pythonhosted.org/packages/26/22/3c6dbe97cb5b121b01f61d575bf202238b0cd6f39f22f15d94179461b677/pyobjc_framework_coretext-12.2-cp314-cp314-macosx_10_15_universal2.whl", hash = "sha256:88b9e705d47a663f079f6ebbca54f5b57f305bb639d5a9d943231596653520d7", size = 30075, upload-time = "2026-05-30T12:05:26.195Z" },
    { url = "https://files.pythonhosted.org/packages/6c/28/ffd7807c835010839678c6a43b7aa66d956816becb035c2371b8d03325b6/pyobjc_framework_coretext-12.2-cp314-cp314t-macosx_10_15_universal2.whl", hash = "sha256:dec9a67529615fbcc7c11a9a655e8d17a6095d94807e5df11e0bda55b37f0190", size = 30614, upload-time = "2026-05-30T12:05:28.997Z" },
    { url = "https://files.pythonhosted.org/packages/4c/49/8c56735a3758b6570e98a22861becf514057db33abe48f7bfd6e7f533b91/pyobjc_framework_coretext-12.2-cp315-cp315-macosx_10_15_universal2.whl", hash = "sha256:639ba39b119f24198184abf878bc1633355fecb36f8eab57f32956252df30d40", size = 30080, upload-time = "2026-05-30T12:05:31.979Z" },
    { url = "https://files.pythonhosted.org/packages/0a/0a/5c881e86eda55bd4c7d33e7e93a8ef3b327e06203bfe45e16b7f8af0a3e8/pyobjc_framework_coretext-12.2-cp315-cp315t-macosx_10_15_universal2.whl", hash = "sha256:06bcb4e7de281423c212a39b3dc9873f09d9fd69da0abe93d987a59761bf265a", size = 30641, upload-time = "2026-05-30T12:05:34.814Z" },
]

[[package]]
name = "pyobjc-framework-quartz"
version = "12.2"
source = { registry = "https://pypi.org/simple" }
dependencies = [
    { name = "pyobjc-core" },
    { name = "pyobjc-framework-cocoa" },
]
sdist = { url = "https://files.pythonhosted.org/packages/91/a3/5ae4c90c13999b46315f549694f25c374c48a9f7ab18f98ace6e74f4a5c1/pyobjc_framework_quartz-12.2.tar.gz", hash = "sha256:b343395d4790323b0376fe20c83ac468510ba19f65429323ca211708c939d107", size = 3215525, upload-time = "2026-05-30T12:44:27.759Z" }
wheels = [
    { url = "https://files.pythonhosted.org/packages/fb/91/5529c1434d62682a1c34a58dacdd901c96406e7a172d06f5e34ccdd3ccce/pyobjc_framework_quartz-12.2-cp311-cp311-macosx_10_9_universal2.whl", hash = "sha256:2dec68f8d5b42030fb0f44bf1169a208318393f216a68048b4336649d877293a", size = 217975, upload-time = "2026-05-30T12:19:44.654Z" },
    { url = "https://files.pythonhosted.org/packages/96/98/3b1fa78ddb1cd10d0edd4d49a3d00301d941f535694ac444fbed53ec7504/pyobjc_framework_quartz-12.2-cp312-cp312-macosx_10_13_universal2.whl", hash = "sha256:8b238979d62b6e0b90d466477eee968d8f2f6720e850af2472e01cef349293b4", size = 218969, upload-time = "2026-05-30T12:19:58.528Z" },
    { url = "https://files.pythonhosted.org/packages/96/56/670a847a3a8ee2799f405b876a2f20914f22b4865f1d8157169095c21d94/pyobjc_framework_quartz-12.2-cp313-cp313-macosx_10_13_universal2.whl", hash = "sha256:214c19aadfd100d9202994a22fbced804f7d60f8473de6f292111cc1668f9373", size = 219383, upload-time = "2026-05-30T12:20:12.444Z" },
    { url = "https://files.pythonhosted.org/packages/35/ef/598bd4d1fb796305648c03667938f08bb59ed4e0bcdc1591fd2c6238abf2/pyobjc_framework_quartz-12.2-cp313-cp313t-macosx_10_13_universal2.whl", hash = "sha256:4e0634ee9782e480587a074d1d08867fa7ef0d845c2f6cbaef6a48b7d2c3899f", size = 224436, upload-time = "2026-05-30T12:20:26.608Z" },
    { url = "https://files.pythonhosted.org/packages/11/b4/7ec90f6480b554173df109b570915c26d286c414d9444d2066fc93567781/pyobjc_framework_quartz-12.2-cp314-cp314-macosx_10_15_universal2.whl", hash = "sha256:08f7c7b42de70875cee15f4d0e217471e382ffac44d0a5bcfd30f583b9b41adb", size = 219749, upload-time = "2026-05-30T12:20:40.674Z" },
    { url = "https://files.pythonhosted.org/packages/72/f7/9a6cc42345d7a89c7344763e931476c9bf00d3b16ef1e862b1f720709afe/pyobjc_framework_quartz-12.2-cp314-cp314t-macosx_10_15_universal2.whl", hash = "sha256:57553e7085191f9421ec78fe57a8a0c8462e39d675014ac1e4b389381f04535a", size = 224703, upload-time = "2026-05-30T12:20:54.835Z" },
    { url = "https://files.pythonhosted.org/packages/41/76/a831a11a67fe36898b4b887bfe7694a291e08a96266416a832a9de97bec8/pyobjc_framework_quartz-12.2-cp315-cp315-macosx_10_15_universal2.whl", hash = "sha256:6fbd127d864108103d4980292ffca32bd9c1e5f643e0abd5773fdde2918afaca", size = 219804, upload-time = "2026-05-30T12:21:08.79Z" },
    { url = "https://files.pythonhosted.org/packages/bb/77/3223cef0bf8cc97f1d586ad1b6c79e04bfbe2a47a1fe5bd1ad3abd862325/pyobjc_framework_quartz-12.2-cp315-cp315t-macosx_10_15_universal2.whl", hash = "sha256:359738c88b12427a30d73a3d202002ab910e31eebf6bee4550495ec8aa64a004", size = 224750, upload-time = "2026-05-30T12:21:22.826Z" },
]

[[package]]
name = "pyqt6"
version = "6.11.0"
source = { registry = "https://pypi.org/simple" }
dependencies = [
    { name = "pyqt6-qt6" },
    { name = "pyqt6-sip" },
]
sdist = { url = "https://files.pythonhosted.org/packages/8b/47/b25c13eca5bebc6505394d0223e46d7ebf0c57dcac2ed908d7d19b18ab6b/pyqt6-6.11.0.tar.gz", hash = "sha256:45dd60aa69976de1918b5ced6b4e7b6a25abd2a919ecef5fd5826ecc76718889", size = 1087430, upload-time = "2026-03-30T09:16:13.543Z" }
wheels = [
    { url = "https://files.pythonhosted.org/packages/33/44/fcd3dd3f64c83c96bf9bce76ec16cca64bd9b91702c3d08fd8e3dafc73d9/pyqt6-6.11.0-cp310-abi3-macosx_10_14_universal2.whl", hash = "sha256:f7100bc7f72b12581ec479a733f4ad11b8002668e6786e8a445ab6f4d1c743d4", size = 12429735, upload-time = "2026-03-30T09:16:03.713Z" },
    { url = "https://files.pythonhosted.org/packages/c3/a0/bd1399740dfa80c0a94d20b02d89962a31458233dcf70eaa09bfbccf3d0f/pyqt6-6.11.0-cp310-abi3-manylinux_2_34_x86_64.whl", hash = "sha256:8555277989fa7d114cb3c3443fd261d566909f7268ceedd41d93a5f02d37ec05", size = 8334632, upload-time = "2026-03-30T09:16:06.066Z" },
    { url = "https://files.pythonhosted.org/packages/d3/db/425b184ac2430ba1978bb507ffd285ec007a872644e2ae5df13332dbcb05/pyqt6-6.11.0-cp310-abi3-manylinux_2_39_aarch64.whl", hash = "sha256:0734959955adde095af9a074213a7f73386d1bbbddfc27346b4c0621641a692e", size = 8321484, upload-time = "2026-03-30T09:16:08.135Z" },
    { url = "https://files.pythonhosted.org/packages/6f/85/dd9f03d78d87460e109e0121cd6201c5802bdd655656bf2780e964870fea/pyqt6-6.11.0-cp310-abi3-win_amd64.whl", hash = "sha256:bd11b459c54dca068e988a42cf838303334f0d441b9d16d92ae6719fcb5ac6ba", size = 6844358, upload-time = "2026-03-30T09:16:09.766Z" },
    { url = "https://files.pythonhosted.org/packages/cd/75/970b041bde4372cc6739c5ef9db1de83a6b36e788e4992e598baa35b2255/pyqt6-6.11.0-cp310-abi3-win_arm64.whl", hash = "sha256:b6324e3501b19b4292c7a55b1f22e82d3e80e519e383ce4fe79b4a754c6f0288", size = 5933984, upload-time = "2026-03-30T09:16:11.817Z" },
]

[[package]]
name = "pyqt6-qt6"
version = "6.11.1"
source = { registry = "https://pypi.org/simple" }
wheels = [
    { url = "https://files.pythonhosted.org/packages/38/cb/ef930289bcd3b4be77a619d6b89ccdd0f53d753053a45f69ed590fd49777/pyqt6_qt6-6.11.1-py3-none-macosx_10_14_x86_64.whl", hash = "sha256:694486f18b7ab9b1edcdb50e0c9f5cb726e096107da90ae7b0e810f18e2002b3", size = 70402836, upload-time = "2026-05-15T11:18:24.893Z" },
    { url = "https://files.pythonhosted.org/packages/09/7d/d016af2de1975a0d90c9a911e3d82b2e8c8fe899f8af746ade42186f3845/pyqt6_qt6-6.11.1-py3-none-macosx_11_0_arm64.whl", hash = "sha256:fd05b31a3c83111b6eb82bb472ccfe531ef823f70d085b82fd1edc5ad2553c54", size = 64167714, upload-time = "2026-05-15T11:18:48.848Z" },
    { url = "https://files.pythonhosted.org/packages/e1/be/21d0df9bde717131f4245f8801676120d466afe198c4641c9e4982cf85fe/pyqt6_qt6-6.11.1-py3-none-manylinux_2_34_x86_64.whl", hash = "sha256:254af349e0ef4b2fa581f86ee9d65eb797bb1d4f0c01ae5ceaa7b2446b458be9", size = 85897589, upload-time = "2026-05-15T11:19:21.864Z" },
    { url = "https://files.pythonhosted.org/packages/08/69/f6b9cafceed9790c62a7ca3044562d38545bbfcfaf222846482ac2f9bd56/pyqt6_qt6-6.11.1-py3-none-manylinux_2_39_aarch64.whl", hash = "sha256:039b1ab619d63d06a87cacf84b581a2b61a30c9ad5bb677553e738afe4dc433a", size = 84996419, upload-time = "2026-05-15T11:19:52.647Z" },
    { url = "https://files.pythonhosted.org/packages/fa/f1/70e83c23bf897c7f5025aa100482f482038ef70232dc27b407659d941fbf/pyqt6_qt6-6.11.1-py3-none-win_amd64.whl", hash = "sha256:7486c80512e823f2d3087e67f854f0556b345f4368040a853c8dc4d30fd3fe69", size = 78416766, upload-time = "2026-05-15T11:20:20.588Z" },
    { url = "https://files.pythonhosted.org/packages/93/b0/9183ec9c206a0c3cba5719f0911e88a3486167137456a0f9318f07ce000d/pyqt6_qt6-6.11.1-py3-none-win_arm64.whl", hash = "sha256:120efbedf833e5bbbc3d64ebdb139b44ff34e60f34410c7b1c2c26d230380bda", size = 59961004, upload-time = "2026-05-15T11:20:49.065Z" },
]

[[package]]
name = "pyqt6-sip"
version = "13.11.1"
source = { registry = "https://pypi.org/simple" }
sdist = { url = "https://files.pythonhosted.org/packages/90/24/a753e1af94b9ae5b2da63d4598457308da3cdbf0838c959381db086ccc86/pyqt6_sip-13.11.1.tar.gz", hash = "sha256:869c5b48afe38e55b1ee0dd72182b0886e968cc509b98023ff50010b013ce1be", size = 92574, upload-time = "2026-03-09T13:01:35.418Z" }
wheels = [
    { url = "https://files.pythonhosted.org/packages/46/fa/049879f61888462099dcbab495ad16df770cca2432330cca0767ab8e87cb/pyqt6_sip-13.11.1-cp311-cp311-macosx_10_9_universal2.whl", hash = "sha256:c0ec2128c174db352bec1c8d23a437e970e8d5a78ac50315d8dfc671fcf7a7da", size = 111056, upload-time = "2026-03-09T13:01:07.998Z" },
    { url = "https://files.pythonhosted.org/packages/d5/0d/6ee861c53f3f7e6c5dd34a441d17aad1dfb3d50ce1f1a024cc9194ac3db3/pyqt6_sip-13.11.1-cp311-cp311-manylinux1_x86_64.manylinux_2_5_x86_64.whl", hash = "sha256:6aa6c15ad3a9bb86e69119baff77b4ac17c47e55ee567abff616a4652051a6cc", size = 289930, upload-time = "2026-03-09T13:01:11.122Z" },
    { url = "https://files.pythonhosted.org/packages/ca/39/c975733d7204a594e6ae51d3a810aad539d09718aa3ceeb0dd28cb3276bd/pyqt6_sip-13.11.1-cp311-cp311-manylinux_2_17_aarch64.manylinux2014_aarch64.whl", hash = "sha256:0ee652b272373c4f9287625ef32ad4ec1f0755c24928dc958a870b7a928b288c", size = 315827, upload-time = "2026-03-09T13:01:09.48Z" },
    { url = "https://files.pythonhosted.org/packages/4a/d6/c40e8ae38a6e2bce9e837b64688f55746bfdad1aa557eb733fb5e90edd7c/pyqt6_sip-13.11.1-cp311-cp311-win_amd64.whl", hash = "sha256:98db8ed37cf08130e1ee74b8ff47a6bfb8c3cdfe826310597a630a50e47feedc", size = 54029, upload-time = "2026-03-09T13:01:12.261Z" },
    { url = "https://files.pythonhosted.org/packages/fb/63/ec8c21ef9edffb55af42c637325d72eca4ea90a73ab714aaa1429c757e85/pyqt6_sip-13.11.1-cp311-cp311-win_arm64.whl", hash = "sha256:3af7a49dce4c35c5464309232c81cc1da5ec6074f46d2957831ee4031b8eefa6", size = 48458, upload-time = "2026-03-09T13:01:13.689Z" },
    { url = "https://files.pythonhosted.org/packages/46/27/47598e701d284497216bf97bf8b6a69f5e61412e716c232ff2b7e6cb2100/pyqt6_sip-13.11.1-cp312-cp312-macosx_10_9_universal2.whl", hash = "sha256:ba9d362dd1e54b43bc2594f8841e1e39d24789716d28f08e5c9282af9fca342c", size = 112564, upload-time = "2026-03-09T13:01:14.628Z" },
    { url = "https://files.pythonhosted.org/packages/95/cb/116f9b328636765f3bce97d9e10ec041c54bbe92beb0617edb86c2b615c1/pyqt6_sip-13.11.1-cp312-cp312-manylinux1_x86_64.manylinux_2_5_x86_64.whl", hash = "sha256:0df15849946cea969d3ff2b24b76149262b6044aea2c5403e4f70c24c973a4c8", size = 299564, upload-time = "2026-03-09T13:01:17.292Z" },
    { url = "https://files.pythonhosted.org/packages/1b/be/fe2321285e8f683e705d199dbb458131f1850dc5966155a19c40100c85bb/pyqt6_sip-13.11.1-cp312-cp312-manylinux_2_17_aarch64.manylinux2014_aarch64.whl", hash = "sha256:c52b2b27fc77d9447a8dc1c6de1aaccc22d41e48697aafb2f2f20b8984bb02a5", size = 321210, upload-time = "2026-03-09T13:01:15.904Z" },
    { url = "https://files.pythonhosted.org/packages/ec/9b/7d4b10f9cba1b6f581dfb4860b9d11898da55a5ed3b8a6e7a1bf9f7084d0/pyqt6_sip-13.11.1-cp312-cp312-win_amd64.whl", hash = "sha256:1d1c67179c1924b28e3d7f04585639e7a7c0946f62390efc6ccf2a6206e595d3", size = 53351, upload-time = "2026-03-09T13:01:19.327Z" },
    { url = "https://files.pythonhosted.org/packages/06/72/6c4e6f21cafa4bed40d2b0c1563525b0d8bfcb5734493696f4cfd043b45f/pyqt6_sip-13.11.1-cp312-cp312-win_arm64.whl", hash = "sha256:d83543125fe9fdb153e7e446c3b4d056d80ab5953644660633ab3f80e7784194", size = 48746, upload-time = "2026-03-09T13:01:20.248Z" },
    { url = "https://files.pythonhosted.org/packages/ee/0b/dc76c463c203e630b2c6417d4d5e337e919a265ac1c10127ef413551f5de/pyqt6_sip-13.11.1-cp313-cp313-macosx_10_13_universal2.whl", hash = "sha256:0c6d097aae7df312519e2b36e001bd796f6a2ce060ab8b9ed793daa8f407fe2e", size = 112552, upload-time = "2026-03-09T13:01:21.493Z" },
    { url = "https://files.pythonhosted.org/packages/d4/e3/65b605759859d38231ce7544065d4c61f891eb7766c351318e2a0b08a473/pyqt6_sip-13.11.1-cp313-cp313-manylinux1_x86_64.manylinux_2_5_x86_64.whl", hash = "sha256:a72f4ebdab16a8a484019ff593de90d8013d3286b678c6ba1c0bdb117f4fcb13", size = 299932, upload-time = "2026-03-09T13:01:24.912Z" },
    { url = "https://files.pythonhosted.org/packages/60/f7/c10d2dd5bf503a1de83bd163467bd323f12af016866c2814743b5b1efe1c/pyqt6_sip-13.11.1-cp313-cp313-manylinux_2_17_aarch64.manylinux2014_aarch64.whl", hash = "sha256:b68e442efc4275651bf63f2c43713e242924fd948909e31cf8f20d783ca505e9", size = 321497, upload-time = "2026-03-09T13:01:22.724Z" },
    { url = "https://files.pythonhosted.org/packages/e1/1f/e7e5ad77a76c00db5c8c1b9960f2b0672ec1978b971bb3509858cd7a9458/pyqt6_sip-13.11.1-cp313-cp313-win_amd64.whl", hash = "sha256:ca24bfd4d5d8274e338433df9ac41930650088c00018d3313c6bd8de21772a02", size = 53371, upload-time = "2026-03-09T13:01:26.286Z" },
    { url = "https://files.pythonhosted.org/packages/36/ef/a7acaf44980aed6fe26f1320e265db528fecb6a47ac67829c7cd011e9821/pyqt6_sip-13.11.1-cp313-cp313-win_arm64.whl", hash = "sha256:f532144c43f2fddcccf2e25df50cdb4a744edb4ce4ba5ed2d0f2cef825197f2f", size = 48745, upload-time = "2026-03-09T13:01:27.212Z" },
    { url = "https://files.pythonhosted.org/packages/20/1d/62c633faedef5bb3b8c7486a72e8a6466adaa2a14efcfccf85bb23426748/pyqt6_sip-13.11.1-cp314-cp314-macosx_10_15_universal2.whl", hash = "sha256:cb931c1af45294bbe8039c5cfda184e3023f5dc766fc884964010eedd8fd85db", size = 112678, upload-time = "2026-03-09T13:01:28.15Z" },
    { url = "https://files.pythonhosted.org/packages/03/72/5a3d9ffef0caa7e1bc7a35d6300f6099bfccd1d8a485b4320ba20013a2d9/pyqt6_sip-13.11.1-cp314-cp314-manylinux1_x86_64.manylinux_2_5_x86_64.whl", hash = "sha256:353d613129316e9f7eda6bbe821deb7b7ffa14483499189171fd8a246873f9ac", size = 299560, upload-time = "2026-03-09T13:01:32.134Z" },
    { url = "https://files.pythonhosted.org/packages/98/f4/886f901f1e04da717a11e180ba19a9c7fc62da170966d57206006f173bda/pyqt6_sip-13.11.1-cp314-cp314-manylinux_2_17_aarch64.manylinux2014_aarch64.whl", hash = "sha256:fcadd68e09ee24cdda8f8bfcba52e59c9b297055d2c450f0eb89afa61a8dc31a", size = 321846, upload-time = "2026-03-09T13:01:29.817Z" },
    { url = "https://files.pythonhosted.org/packages/96/f2/b68fd566f7f86dbb53d933489e70487cabaea0e0161690e4899653bbc7fb/pyqt6_sip-13.11.1-cp314-cp314-win_amd64.whl", hash = "sha256:581e287bf42587593b88b30d9db06ed0fccbf40f345a5bd3ec3f00a5692e2430", size = 55055, upload-time = "2026-03-09T13:01:33.467Z" },
    { url = "https://files.pythonhosted.org/packages/8d/42/efb7ced69f7d1d31eb8f19b2d778aeb182be7e070569d02b9057ac478e3e/pyqt6_sip-13.11.1-cp314-cp314-win_arm64.whl", hash = "sha256:42b62530a9b6a9c6e29c2941b8ab78258652da0aeae4eb1fc9a0631d19a7a7b2", size = 49597, upload-time = "2026-03-09T13:01:34.49Z" },
]

[[package]]
name = "pytest"
version = "9.0.3"
source = { registry = "https://pypi.org/simple" }
dependencies = [
    { name = "colorama", marker = "sys_platform == 'win32'" },
    { name = "iniconfig" },
    { name = "packaging" },
    { name = "pluggy" },
    { name = "pygments" },
]
sdist = { url = "https://files.pythonhosted.org/packages/7d/0d/549bd94f1a0a402dc8cf64563a117c0f3765662e2e668477624baeec44d5/pytest-9.0.3.tar.gz", hash = "sha256:b86ada508af81d19edeb213c681b1d48246c1a91d304c6c81a427674c17eb91c", size = 1572165, upload-time = "2026-04-07T17:16:18.027Z" }
wheels = [
    { url = "https://files.pythonhosted.org/packages/d4/24/a372aaf5c9b7208e7112038812994107bc65a84cd00e0354a88c2c77a617/pytest-9.0.3-py3-none-any.whl", hash = "sha256:2c5efc453d45394fdd706ade797c0a81091eccd1d6e4bccfcd476e2b8e0ab5d9", size = 375249, upload-time = "2026-04-07T17:16:16.13Z" },
]

[[package]]
name = "python-xlib"
version = "0.33"
source = { registry = "https://pypi.org/simple" }
dependencies = [
    { name = "six" },
]
sdist = { url = "https://files.pythonhosted.org/packages/86/f5/8c0653e5bb54e0cbdfe27bf32d41f27bc4e12faa8742778c17f2a71be2c0/python-xlib-0.33.tar.gz", hash = "sha256:55af7906a2c75ce6cb280a584776080602444f75815a7aff4d287bb2d7018b32", size = 269068, upload-time = "2022-12-25T18:53:00.824Z" }
wheels = [
    { url = "https://files.pythonhosted.org/packages/fc/b8/ff33610932e0ee81ae7f1269c890f697d56ff74b9f5b2ee5d9b7fa2c5355/python_xlib-0.33-py2.py3-none-any.whl", hash = "sha256:c3534038d42e0df2f1392a1b30a15a4ff5fdc2b86cfa94f072bf11b10a164398", size = 182185, upload-time = "2022-12-25T18:52:58.662Z" },
]

[[package]]
name = "six"
version = "1.17.0"
source = { registry = "https://pypi.org/simple" }
sdist = { url = "https://files.pythonhosted.org/packages/94/e7/b2c673351809dca68a0e064b6af791aa332cf192da575fd474ed7d6f16a2/six-1.17.0.tar.gz", hash = "sha256:ff70335d468e7eb6ec65b95b99d3a2836546063f63acc5171de367e834932a81", size = 34031, upload-time = "2024-12-04T17:35:28.174Z" }
wheels = [
    { url = "https://files.pythonhosted.org/packages/b7/ce/149a00dd41f10bc29e5921b496af8b574d8413afcd5e30dfa0ed46c2cc5e/six-1.17.0-py2.py3-none-any.whl", hash = "sha256:4721f391ed90541fddacab5acf947aa0d3dc7d27b2e1e8eda2be8970586c3274", size = 11050, upload-time = "2024-12-04T17:35:26.475Z" },
]

[[package]]
name = "watchdog"
version = "6.0.0"
source = { registry = "https://pypi.org/simple" }
sdist = { url = "https://files.pythonhosted.org/packages/db/7d/7f3d619e951c88ed75c6037b246ddcf2d322812ee8ea189be89511721d54/watchdog-6.0.0.tar.gz", hash = "sha256:9ddf7c82fda3ae8e24decda1338ede66e1c99883db93711d8fb941eaa2d8c282", size = 131220, upload-time = "2024-11-01T14:07:13.037Z" }
wheels = [
    { url = "https://files.pythonhosted.org/packages/e0/24/d9be5cd6642a6aa68352ded4b4b10fb0d7889cb7f45814fb92cecd35f101/watchdog-6.0.0-cp311-cp311-macosx_10_9_universal2.whl", hash = "sha256:6eb11feb5a0d452ee41f824e271ca311a09e250441c262ca2fd7ebcf2461a06c", size = 96393, upload-time = "2024-11-01T14:06:31.756Z" },
    { url = "https://files.pythonhosted.org/packages/63/7a/6013b0d8dbc56adca7fdd4f0beed381c59f6752341b12fa0886fa7afc78b/watchdog-6.0.0-cp311-cp311-macosx_10_9_x86_64.whl", hash = "sha256:ef810fbf7b781a5a593894e4f439773830bdecb885e6880d957d5b9382a960d2", size = 88392, upload-time = "2024-11-01T14:06:32.99Z" },
    { url = "https://files.pythonhosted.org/packages/d1/40/b75381494851556de56281e053700e46bff5b37bf4c7267e858640af5a7f/watchdog-6.0.0-cp311-cp311-macosx_11_0_arm64.whl", hash = "sha256:afd0fe1b2270917c5e23c2a65ce50c2a4abb63daafb0d419fde368e272a76b7c", size = 89019, upload-time = "2024-11-01T14:06:34.963Z" },
    { url = "https://files.pythonhosted.org/packages/39/ea/3930d07dafc9e286ed356a679aa02d777c06e9bfd1164fa7c19c288a5483/watchdog-6.0.0-cp312-cp312-macosx_10_13_universal2.whl", hash = "sha256:bdd4e6f14b8b18c334febb9c4425a878a2ac20efd1e0b231978e7b150f92a948", size = 96471, upload-time = "2024-11-01T14:06:37.745Z" },
    { url = "https://files.pythonhosted.org/packages/12/87/48361531f70b1f87928b045df868a9fd4e253d9ae087fa4cf3f7113be363/watchdog-6.0.0-cp312-cp312-macosx_10_13_x86_64.whl", hash = "sha256:c7c15dda13c4eb00d6fb6fc508b3c0ed88b9d5d374056b239c4ad1611125c860", size = 88449, upload-time = "2024-11-01T14:06:39.748Z" },
    { url = "https://files.pythonhosted.org/packages/5b/7e/8f322f5e600812e6f9a31b75d242631068ca8f4ef0582dd3ae6e72daecc8/watchdog-6.0.0-cp312-cp312-macosx_11_0_arm64.whl", hash = "sha256:6f10cb2d5902447c7d0da897e2c6768bca89174d0c6e1e30abec5421af97a5b0", size = 89054, upload-time = "2024-11-01T14:06:41.009Z" },
    { url = "https://files.pythonhosted.org/packages/68/98/b0345cabdce2041a01293ba483333582891a3bd5769b08eceb0d406056ef/watchdog-6.0.0-cp313-cp313-macosx_10_13_universal2.whl", hash = "sha256:490ab2ef84f11129844c23fb14ecf30ef3d8a6abafd3754a6f75ca1e6654136c", size = 96480, upload-time = "2024-11-01T14:06:42.952Z" },
    { url = "https://files.pythonhosted.org/packages/85/83/cdf13902c626b28eedef7ec4f10745c52aad8a8fe7eb04ed7b1f111ca20e/watchdog-6.0.0-cp313-cp313-macosx_10_13_x86_64.whl", hash = "sha256:76aae96b00ae814b181bb25b1b98076d5fc84e8a53cd8885a318b42b6d3a5134", size = 88451, upload-time = "2024-11-01T14:06:45.084Z" },
    { url = "https://files.pythonhosted.org/packages/fe/c4/225c87bae08c8b9ec99030cd48ae9c4eca050a59bf5c2255853e18c87b50/watchdog-6.0.0-cp313-cp313-macosx_11_0_arm64.whl", hash = "sha256:a175f755fc2279e0b7312c0035d52e27211a5bc39719dd529625b1930917345b", size = 89057, upload-time = "2024-11-01T14:06:47.324Z" },
    { url = "https://files.pythonhosted.org/packages/a9/c7/ca4bf3e518cb57a686b2feb4f55a1892fd9a3dd13f470fca14e00f80ea36/watchdog-6.0.0-py3-none-manylinux2014_aarch64.whl", hash = "sha256:7607498efa04a3542ae3e05e64da8202e58159aa1fa4acddf7678d34a35d4f13", size = 79079, upload-time = "2024-11-01T14:06:59.472Z" },
    { url = "https://files.pythonhosted.org/packages/5c/51/d46dc9332f9a647593c947b4b88e2381c8dfc0942d15b8edc0310fa4abb1/watchdog-6.0.0-py3-none-manylinux2014_armv7l.whl", hash = "sha256:9041567ee8953024c83343288ccc458fd0a2d811d6a0fd68c4c22609e3490379", size = 79078, upload-time = "2024-11-01T14:07:01.431Z" },
    { url = "https://files.pythonhosted.org/packages/d4/57/04edbf5e169cd318d5f07b4766fee38e825d64b6913ca157ca32d1a42267/watchdog-6.0.0-py3-none-manylinux2014_i686.whl", hash = "sha256:82dc3e3143c7e38ec49d61af98d6558288c415eac98486a5c581726e0737c00e", size = 79076, upload-time = "2024-11-01T14:07:02.568Z" },
    { url = "https://files.pythonhosted.org/packages/ab/cc/da8422b300e13cb187d2203f20b9253e91058aaf7db65b74142013478e66/watchdog-6.0.0-py3-none-manylinux2014_ppc64.whl", hash = "sha256:212ac9b8bf1161dc91bd09c048048a95ca3a4c4f5e5d4a7d1b1a7d5752a7f96f", size = 79077, upload-time = "2024-11-01T14:07:03.893Z" },
    { url = "https://files.pythonhosted.org/packages/2c/3b/b8964e04ae1a025c44ba8e4291f86e97fac443bca31de8bd98d3263d2fcf/watchdog-6.0.0-py3-none-manylinux2014_ppc64le.whl", hash = "sha256:e3df4cbb9a450c6d49318f6d14f4bbc80d763fa587ba46ec86f99f9e6876bb26", size = 79078, upload-time = "2024-11-01T14:07:05.189Z" },
    { url = "https://files.pythonhosted.org/packages/62/ae/a696eb424bedff7407801c257d4b1afda455fe40821a2be430e173660e81/watchdog-6.0.0-py3-none-manylinux2014_s390x.whl", hash = "sha256:2cce7cfc2008eb51feb6aab51251fd79b85d9894e98ba847408f662b3395ca3c", size = 79077, upload-time = "2024-11-01T14:07:06.376Z" },
    { url = "https://files.pythonhosted.org/packages/b5/e8/dbf020b4d98251a9860752a094d09a65e1b436ad181faf929983f697048f/watchdog-6.0.0-py3-none-manylinux2014_x86_64.whl", hash = "sha256:20ffe5b202af80ab4266dcd3e91aae72bf2da48c0d33bdb15c66658e685e94e2", size = 79078, upload-time = "2024-11-01T14:07:07.547Z" },
    { url = "https://files.pythonhosted.org/packages/07/f6/d0e5b343768e8bcb4cda79f0f2f55051bf26177ecd5651f84c07567461cf/watchdog-6.0.0-py3-none-win32.whl", hash = "sha256:07df1fdd701c5d4c8e55ef6cf55b8f0120fe1aef7ef39a1c6fc6bc2e606d517a", size = 79065, upload-time = "2024-11-01T14:07:09.525Z" },
    { url = "https://files.pythonhosted.org/packages/db/d9/c495884c6e548fce18a8f40568ff120bc3a4b7b99813081c8ac0c936fa64/watchdog-6.0.0-py3-none-win_amd64.whl", hash = "sha256:cbafb470cf848d93b5d013e2ecb245d4aa1c8fd0504e863ccefa32445359d680", size = 79070, upload-time = "2024-11-01T14:07:10.686Z" },
    { url = "https://files.pythonhosted.org/packages/33/e8/e40370e6d74ddba47f002a32919d91310d6074130fe4e17dabcafc15cbf1/watchdog-6.0.0-py3-none-win_ia64.whl", hash = "sha256:a1914259fa9e1454315171103c6a30961236f508b9b623eae470268bbcc6a22f", size = 79067, upload-time = "2024-11-01T14:07:11.845Z" },
]
